
Microsoft Visual Studio Solution File, Format Version 12.00
# Visual Studio Version 17
VisualStudioVersion = 17.13.35919.96 d17.13
MinimumVisualStudioVersion = 10.0.40219.1
Project("{F2A71F9B-5D33-465A-A702-920D77279786}") = "OrdersManagement", "OrdersManagement.fsproj", "{4C094BE5-2CE5-4113-926B-C15526574AAF}"
EndProject
Global
	GlobalSection(SolutionConfigurationPlatforms) = preSolution
		Debug|Any CPU = Debug|Any CPU
		Release|Any CPU = Release|Any CPU
	EndGlobalSection
	GlobalSection(ProjectConfigurationPlatforms) = postSolution
		{4C094BE5-2CE5-4113-926B-C15526574AAF}.Debug|Any CPU.ActiveCfg = Debug|Any CPU
		{4C094BE5-2CE5-4113-926B-C15526574AAF}.Debug|Any CPU.Build.0 = Debug|Any CPU
		{4C094BE5-2CE5-4113-926B-C15526574AAF}.Release|Any CPU.ActiveCfg = Release|Any CPU
		{4C094BE5-2CE5-4113-926B-C15526574AAF}.Release|Any CPU.Build.0 = Release|Any CPU
	EndGlobalSection
	GlobalSection(SolutionProperties) = preSolution
		HideSolutionNode = FALSE
	EndGlobalSection
	GlobalSection(ExtensibilityGlobals) = postSolution
		SolutionGuid = {D98AAE3D-4F21-447E-AF28-767811807DA0}
	EndGlobalSection
EndGlobal
